{
  "name": "qchicharronn",
  "version": "1.0.0",
  "lockfileVersion": 3,
  "requires": true,
  "packages": {
    "": {
      "name": "qchicharronn",
      "version": "1.0.0",
      "dependencies": {
        "bootstrap": "^5.3.8",
        "sweetalert2": "^11.26.3"
      }
    },
    "node_modules/@popperjs/core": {
      "version": "2.11.8",
      "resolved": "https://registry.npmjs.org/@popperjs/core/-/core-2.11.8.tgz",
      "integrity": "sha512-P1st0aksCrn9sGZhp8GMYwBnQsbvAWsZAX44oXNNvLHGqAOcoVxmjZiohstwQ7SqKnbR47akdNi+uleWD8+g6A==",
      "license": "MIT",
      "peer": true,
      "funding": {
        "type": "opencollective",
        "url": "https://opencollective.com/popperjs"
      }
    },
    "node_modules/bootstrap": {
      "version": "5.3.8",
      "resolved": "https://registry.npmjs.org/bootstrap/-/bootstrap-5.3.8.tgz",
      "integrity": "sha512-HP1SZDqaLDPwsNiqRqi5NcP0SSXciX2s9E+RyqJIIqGo+vJeN5AJVM98CXmW/Wux0nQ5L7jeWUdplCEf0Ee+tg==",
      "funding": [
        {
          "type": "github",
          "url": "https://github.com/sponsors/twbs"
        },
        {
          "type": "opencollective",
          "url": "https://opencollective.com/bootstrap"
        }
      ],
      "license": "MIT",
      "peerDependencies": {
        "@popperjs/core": "^2.11.8"
      }
    },
    "node_modules/sweetalert2": {
      "version": "11.26.3",
      "resolved": "https://registry.npmjs.org/sweetalert2/-/sweetalert2-11.26.3.tgz",
      "integrity": "sha512-VU0hGw/WfI9h7Mh+SCsDlWgtxDwWZ6ccqS7QcO8zEeWnwplN1GptcLstq76OluUBSLUza6ldvKd3558OhjpJ9A==",
      "license": "MIT",
      "funding": {
        "type": "individual",
        "url": "https://github.com/sponsors/limonte"
      }
    }
  },
  "package-lock.json": {
    "name": "proyecto-frontend-dependencias",
    "version": "1.0.0",
    "lockfileVersion": 3,
    "requires": true,
    "packages": {
      "": {
        "dependencies": {
          "@fortawesome/fontawesome-free": "^6.6.0",
          "bootstrap": "^5.3.3",
          "bootstrap-icons": "^1.11.3",
          "datatables.net": "^2.2.0",
          "datatables.net-bs4": "^1.13.6",
          "jquery": "^3.7.1",
          "sb-admin-2": "^4.1.4",
          "select2": "^4.1.0-rc.0",
          "sweetalert2": "^11.12.4"
        }
      }
    }
  },
  "package.json": {
    "name": "proyecto-frontend-dependencias",
    "version": "1.0.0",
    "description": "Proyecto con Bootstrap, jQuery, DataTables, SweetAlert2, Select2 y más",
    "dependencies": {
      "@fortawesome/fontawesome-free": "^6.6.0",
      "bootstrap": "^5.3.3",
      "bootstrap-icons": "^1.11.3",
      "datatables.net": "^2.2.0",
      "datatables.net-bs4": "^1.13.6",
      "jquery": "^3.7.1",
      "sb-admin-2": "^4.1.4",
      "select2": "^4.1.0-rc.0",
      "sweetalert2": "^11.12.4"
    },
    "scripts": {
      "build-static": "mkdir -p ../proyecto_principal/static/css ../proyecto_principal/static/js && cp node_modules/bootstrap/dist/css/bootstrap.min.css ../proyecto_principal/static/css/ && cp node_modules/bootstrap-icons/font/bootstrap-icons.css ../proyecto_principal/static/css/ && cp node_modules/@fortawesome/fontawesome-free/css/all.min.css ../proyecto_principal/static/css/ && cp node_modules/datatables.net-dt/css/jquery.dataTables.css ../proyecto_principal/static/css/ && cp node_modules/select2/dist/css/select2.min.css ../proyecto_principal/static/css/ && cp node_modules/jquery/dist/jquery.min.js ../proyecto_principal/static/js/ && cp node_modules/bootstrap/dist/js/bootstrap.bundle.min.js ../proyecto_principal/static/js/ && cp node_modules/datatables.net/js/dataTables.min.js ../proyecto_principal/static/js/ && cp node_modules/datatables.net-bs4/js/dataTables.bootstrap4.min.js ../proyecto_principal/static/js/ && cp node_modules/select2/dist/js/select2.min.js ../proyecto_principal/static/js/ && cp node_modules/sweetalert2/dist/sweetalert2.all.min.js ../proyecto_principal/static/js/",
      "install-deps": "npm install"
    }
  }
}
