{
  "name": "qchicharronn",
  "version": "1.0.0",
  "lockfileVersion": 3,
  "requires": true,
  "packages": {
    "": {
      "name": "qchicharronn",
      "version": "1.0.0",
      "license": "ISC",
      "dependencies": {
        "sienna-accessibility": "^2.0.1"
      }
    },
    "node_modules/sienna-accessibility": {
      "version": "2.0.1",
      "resolved": "https://registry.npmjs.org/sienna-accessibility/-/sienna-accessibility-2.0.1.tgz",
      "integrity": "sha512-DFvBp9KjvAdXDEcGmJk8CdjUwngrljdy/lJpZr2PY/woJIAFD0DPbUltPTHgBeX+eWs415OHtz10cCPWtTZC3Q==",
      "license": "MIT"
    }
  }
}
